// !$*UTF8*$!
{
	archiveVersion = 1;
	classes = {
	};
	objectVersion = 46;
	objects = {

/* Begin PBXBuildFile section */
		9DE91C8E1C9D460100B1E10C /* ImageShareFramework.h in CopyFiles */ = {isa = PBXBuildFile; fileRef = 9DE91C8D1C9D460100B1E10C /* ImageShareFramework.h */; };
		9DE91C971C9D470F00B1E10C /* UIKit.framework in Frameworks */ = {isa = PBXBuildFile; fileRef = 9DE91C961C9D470F00B1E10C /* UIKit.framework */; };
/* End PBXBuildFile section */

/* Begin PBXCopyFilesBuildPhase section */
		9DE91C881C9D460100B1E10C /* CopyFiles */ = {
			isa = PBXCopyFilesBuildPhase;
			buildActionMask = 2147483647;
			dstPath = "include/$(PRODUCT_NAME)";
			dstSubfolderSpec = 16;
			files = (
				9DE91C8E1C9D460100B1E10C /* ImageShareFramework.h in CopyFiles */,
			);
			runOnlyForDeploymentPostprocessing = 0;
		};
/* End PBXCopyFilesBuildPhase section */

/* Begin PBXFileReference section */
		9DE91C8A1C9D460100B1E10C /* libImageShareFramework.a */ = {isa = PBXFileReference; explicitFileType = archive.ar; includeInIndex = 0; path = libImageShareFramework.a; sourceTree = BUILT_PRODUCTS_DIR; };
		9DE91C8D1C9D460100B1E10C /* ImageShareFramework.h */ = {isa = PBXFileReference; lastKnownFileType = sourcecode.c.h; path = ImageShareFramework.h; sourceTree = "<group>"; };
		9DE91C961C9D470F00B1E10C /* UIKit.framework */ = {isa = PBXFileReference; lastKnownFileType = wrapper.framework; name = UIKit.framework; path = System/Library/Frameworks/UIKit.framework; sourceTree = SDKROOT; };
/* End PBXFileReference section */

/* Begin PBXFrameworksBuildPhase section */
		9DE91C871C9D460100B1E10C /* Frameworks */ = {
			isa = PBXFrameworksBuildPhase;
			buildActionMask = 2147483647;
			files = (
				9DE91C971C9D470F00B1E10C /* UIKit.framework in Frameworks */,
			);
			runOnlyForDeploymentPostprocessing = 0;
		};
/* End PBXFrameworksBuildPhase section */

/* Begin PBXGroup section */
		9DE91C811C9D460100B1E10C = {
			isa = PBXGroup;
			children = (
				9DE91C961C9D470F00B1E10C /* UIKit.framework */,
				9DE91C8C1C9D460100B1E10C /* ImageShareFramework */,
				9DE91C8B1C9D460100B1E10C /* Products */,
			);
			sourceTree = "<group>";
		};
		9DE91C8B1C9D460100B1E10C /* Products */ = {
			isa = PBXGroup;
			children = (
				9DE91C8A1C9D460100B1E10C /* libImageShareFramework.a */,
			);
			name = Products;
			sourceTree = "<group>";
		};
		9DE91C8C1C9D460100B1E10C /* ImageShareFramework */ = {
			isa = PBXGroup;
			children = (
				9DE91C8D1C9D460100B1E10C /* ImageShareFramework.h */,
			);
			path = ImageShareFramework;
			sourceTree = "<group>";
		};
/* End PBXGroup section */

/* Begin PBXNativeTarget section */
		9DE91C891C9D460100B1E10C /* ImageShareFramework */ = {
			isa = PBXNativeTarget;
			buildConfigurationList = 9DE91C931C9D460100B1E10C /* Build configuration list for PBXNativeTarget "ImageShareFramework" */;
			buildPhases = (
				9DE91C861C9D460100B1E10C /* Sources */,
				9DE91C871C9D460100B1E10C /* Frameworks */,
				9DE91C881C9D460100B1E10C /* CopyFiles */,
			);
			buildRules = (
			);
			dependencies = (
			);
			name = ImageShareFramework;
			productName = ImageShareFramework;
			productReference = 9DE91C8A1C9D460100B1E10C /* libImageShareFramework.a */;
			productType = "com.apple.product-type.library.static";
		};
/* End PBXNativeTarget section */

/* Begin PBXProject section */
		9DE91C821C9D460100B1E10C /* Project object */ = {
			isa = PBXProject;
			attributes = {
				LastUpgradeCheck = 0720;
				ORGANIZATIONNAME = com.brij;
				TargetAttributes = {
					9DE91C891C9D460100B1E10C = {
						CreatedOnToolsVersion = 7.2.1;
					};
				};
			};
			buildConfigurationList = 9DE91C851C9D460100B1E10C /* Build configuration list for PBXProject "ImageShareFramework" */;
			compatibilityVersion = "Xcode 3.2";
			developmentRegion = English;
			hasScannedForEncodings = 0;
			knownRegions = (
				en,
			);
			mainGroup = 9DE91C811C9D460100B1E10C;
			productRefGroup = 9DE91C8B1C9D460100B1E10C /* Products */;
			projectDirPath = "";
			projectRoot = "";
			targets = (
				9DE91C891C9D460100B1E10C /* ImageShareFramework */,
			);
		};
/* End PBXProject section */

/* Begin PBXSourcesBuildPhase section */
		9DE91C861C9D460100B1E10C /* Sources */ = {
			isa = PBXSourcesBuildPhase;
			buildActionMask = 2147483647;
			files = (
			);
			runOnlyForDeploymentPostprocessing = 0;
		};
/* End PBXSourcesBuildPhase section */

/* Begin XCBuildConfiguration section */
		9DE91C911C9D460100B1E10C /* Debug */ = {
			isa = XCBuildConfiguration;
			buildSettings = {
				ALWAYS_SEARCH_USER_PATHS = NO;
				CLANG_CXX_LANGUAGE_STANDARD = "gnu++0x";
				CLANG_CXX_LIBRARY = "libc++";
				CLANG_ENABLE_MODULES = YES;
				CLANG_ENABLE_OBJC_ARC = YES;
				CLANG_WARN_BOOL_CONVERSION = YES;
				CLANG_WARN_CONSTANT_CONVERSION = YES;
				CLANG_WARN_DIRECT_OBJC_ISA_USAGE = YES_ERROR;
				CLANG_WARN_EMPTY_BODY = YES;
				CLANG_WARN_ENUM_CONVERSION = YES;
				CLANG_WARN_INT_CONVERSION = YES;
				CLANG_WARN_OBJC_ROOT_CLASS = YES_ERROR;
				CLANG_WARN_UNREACHABLE_CODE = YES;
				CLANG_WARN__DUPLICATE_METHOD_MATCH = YES;
				"CODE_SIGN_IDENTITY[sdk=iphoneos*]" = "iPhone Developer";
				COPY_PHASE_STRIP = NO;
				DEBUG_INFORMATION_FORMAT = dwarf;
				ENABLE_STRICT_OBJC_MSGSEND = YES;
				ENABLE_TESTABILITY = YES;
				GCC_C_LANGUAGE_STANDARD = gnu99;
				GCC_DYNAMIC_NO_PIC = NO;
				GCC_NO_COMMON_BLOCKS = YES;
				GCC_OPTIMIZATION_LEVEL = 0;
				GCC_PREPROCESSOR_DEFINITIONS = (
					"DEBUG=1",
					"$(inherited)",
				);
				GCC_WARN_64_TO_32_BIT_CONVERSION = YES;
				GCC_WARN_ABOUT_RETURN_TYPE = YES_ERROR;
				GCC_WARN_UNDECLARED_SELECTOR = YES;
				GCC_WARN_UNINITIALIZED_AUTOS = YES_AGGRESSIVE;
				GCC_WARN_UNUSED_FUNCTION = YES;
				GCC_WARN_UNUSED_VARIABLE = YES;
				IPHONEOS_DEPLOYMENT_TARGET = 9.2;
				MTL_ENABLE_DEBUG_INFO = YES;
				ONLY_ACTIVE_ARCH = YES;
				SDKROOT = iphoneos;
			};
			name = Debug;
		};
		9DE91C921C9D460100B1E10C /* Release */ = {
			isa = XCBuildConfiguration;
			buildSettings = {
				ALWAYS_SEARCH_USER_PATHS = NO;
				CLANG_CXX_LANGUAGE_STANDARD = "gnu++0x";
				CLANG_CXX_LIBRARY = "libc++";
				CLANG_ENABLE_MODULES = YES;
				CLANG_ENABLE_OBJC_ARC = YES;
				CLANG_WARN_BOOL_CONVERSION = YES;
				CLANG_WARN_CONSTANT_CONVERSION = YES;
				CLANG_WARN_DIRECT_OBJC_ISA_USAGE = YES_ERROR;
				CLANG_WARN_EMPTY_BODY = YES;
				CLANG_WARN_ENUM_CONVERSION = YES;
				CLANG_WARN_INT_CONVERSION = YES;
				CLANG_WARN_OBJC_ROOT_CLASS = YES_ERROR;
				CLANG_WARN_UNREACHABLE_CODE = YES;
				CLANG_WARN__DUPLICATE_METHOD_MATCH = YES;
				"CODE_SIGN_IDENTITY[sdk=iphoneos*]" = "iPhone Developer";
				COPY_PHASE_STRIP = NO;
				DEBUG_INFORMATION_FORMAT = "dwarf-with-dsym";
				ENABLE_NS_ASSERTIONS = NO;
				ENABLE_STRICT_OBJC_MSGSEND = YES;
				GCC_C_LANGUAGE_STANDARD = gnu99;
				GCC_NO_COMMON_BLOCKS = YES;
				GCC_WARN_64_TO_32_BIT_CONVERSION = YES;
				GCC_WARN_ABOUT_RETURN_TYPE = YES_ERROR;
				GCC_WARN_UNDECLARED_SELECTOR = YES;
				GCC_WARN_UNINITIALIZED_AUTOS = YES_AGGRESSIVE;
				GCC_WARN_UNUSED_FUNCTION = YES;
				GCC_WARN_UNUSED_VARIABLE = YES;
				IPHONEOS_DEPLOYMENT_TARGET = 9.2;
				MTL_ENABLE_DEBUG_INFO = NO;
				SDKROOT = iphoneos;
				VALIDATE_PRODUCT = YES;
			};
			name = Release;
		};
		9DE91C941C9D460100B1E10C /* Debug */ = {
			isa = XCBuildConfiguration;
			buildSettings = {
				OTHER_LDFLAGS = "-ObjC";
				PRODUCT_NAME = "$(TARGET_NAME)";
				SKIP_INSTALL = YES;
			};
			name = Debug;
		};
		9DE91C951C9D460100B1E10C /* Release */ = {
			isa = XCBuildConfiguration;
			buildSettings = {
				OTHER_LDFLAGS = "-ObjC";
				PRODUCT_NAME = "$(TARGET_NAME)";
				SKIP_INSTALL = YES;
			};
			name = Release;
		};
/* End XCBuildConfiguration section */

/* Begin XCConfigurationList section */
		9DE91C851C9D460100B1E10C /* Build configuration list for PBXProject "ImageShareFramework" */ = {
			isa = XCConfigurationList;
			buildConfigurations = (
				9DE91C911C9D460100B1E10C /* Debug */,
				9DE91C921C9D460100B1E10C /* Release */,
			);
			defaultConfigurationIsVisible = 0;
			defaultConfigurationName = Release;
		};
		9DE91C931C9D460100B1E10C /* Build configuration list for PBXNativeTarget "ImageShareFramework" */ = {
			isa = XCConfigurationList;
			buildConfigurations = (
				9DE91C941C9D460100B1E10C /* Debug */,
				9DE91C951C9D460100B1E10C /* Release */,
			);
			defaultConfigurationIsVisible = 0;
		};
/* End XCConfigurationList section */
	};
	rootObject = 9DE91C821C9D460100B1E10C /* Project object */;
}
